
Microsoft Visual Studio Solution File, Format Version 12.00
# Visual Studio 14
VisualStudioVersion = 14.0.25123.0
MinimumVisualStudioVersion = 10.0.40219.1
Project("{FAE04EC0-301F-11D3-BF4B-00C04F79EFBC}") = "TestConsoleApp", "TestConsoleApp\TestConsoleApp.csproj", "{8944DBDE-AD0C-4A6F-8C61-F9313B44CBBE}"
EndProject
Project("{FAE04EC0-301F-11D3-BF4B-00C04F79EFBC}") = "TestConsoleApp.Data", "TestConsoleApp.Data\TestConsoleApp.Data.csproj", "{4C33815F-EC7E-46EC-A54C-CB79D1C8B0D3}"
EndProject
Project("{FAE04EC0-301F-11D3-BF4B-00C04F79EFBC}") = "TestConsoleApp.Core", "TestConsoleApp.Core\TestConsoleApp.Core.csproj", "{E2016D9D-69C9-4371-889B-0C50FB9369B8}"
EndProject
Project("{FAE04EC0-301F-11D3-BF4B-00C04F79EFBC}") = "TestConsoleApp.Business", "TestConsoleApp.Business\TestConsoleApp.Business.csproj", "{C351E6A0-6487-4C10-B495-D7ABEF359885}"
EndProject
Global
	GlobalSection(SolutionConfigurationPlatforms) = preSolution
		Debug|Any CPU = Debug|Any CPU
		Release|Any CPU = Release|Any CPU
	EndGlobalSection
	GlobalSection(ProjectConfigurationPlatforms) = postSolution
		{8944DBDE-AD0C-4A6F-8C61-F9313B44CBBE}.Debug|Any CPU.ActiveCfg = Debug|Any CPU
		{8944DBDE-AD0C-4A6F-8C61-F9313B44CBBE}.Debug|Any CPU.Build.0 = Debug|Any CPU
		{8944DBDE-AD0C-4A6F-8C61-F9313B44CBBE}.Release|Any CPU.ActiveCfg = Release|Any CPU
		{8944DBDE-AD0C-4A6F-8C61-F9313B44CBBE}.Release|Any CPU.Build.0 = Release|Any CPU
		{4C33815F-EC7E-46EC-A54C-CB79D1C8B0D3}.Debug|Any CPU.ActiveCfg = Debug|Any CPU
		{4C33815F-EC7E-46EC-A54C-CB79D1C8B0D3}.Debug|Any CPU.Build.0 = Debug|Any CPU
		{4C33815F-EC7E-46EC-A54C-CB79D1C8B0D3}.Release|Any CPU.ActiveCfg = Release|Any CPU
		{4C33815F-EC7E-46EC-A54C-CB79D1C8B0D3}.Release|Any CPU.Build.0 = Release|Any CPU
		{E2016D9D-69C9-4371-889B-0C50FB9369B8}.Debug|Any CPU.ActiveCfg = Debug|Any CPU
		{E2016D9D-69C9-4371-889B-0C50FB9369B8}.Debug|Any CPU.Build.0 = Debug|Any CPU
		{E2016D9D-69C9-4371-889B-0C50FB9369B8}.Release|Any CPU.ActiveCfg = Release|Any CPU
		{E2016D9D-69C9-4371-889B-0C50FB9369B8}.Release|Any CPU.Build.0 = Release|Any CPU
		{C351E6A0-6487-4C10-B495-D7ABEF359885}.Debug|Any CPU.ActiveCfg = Debug|Any CPU
		{C351E6A0-6487-4C10-B495-D7ABEF359885}.Debug|Any CPU.Build.0 = Debug|Any CPU
		{C351E6A0-6487-4C10-B495-D7ABEF359885}.Release|Any CPU.ActiveCfg = Release|Any CPU
		{C351E6A0-6487-4C10-B495-D7ABEF359885}.Release|Any CPU.Build.0 = Release|Any CPU
	EndGlobalSection
	GlobalSection(SolutionProperties) = preSolution
		HideSolutionNode = FALSE
	EndGlobalSection
EndGlobal
